// !$*UTF8*$!
{
	archiveVersion = 1;
	classes = {
	};
	objectVersion = 48;
	objects = {

/* Begin PBXBuildFile section */
		CEAAAD7920634B4700AD6A44 /* AppDelegate.swift in Sources */ = {isa = PBXBuildFile; fileRef = CEAAAD7820634B4700AD6A44 /* AppDelegate.swift */; };
		CEAAAD8020634B4700AD6A44 /* Assets.xcassets in Resources */ = {isa = PBXBuildFile; fileRef = CEAAAD7F20634B4700AD6A44 /* Assets.xcassets */; };
		CEAAAD8320634B4700AD6A44 /* LaunchScreen.storyboard in Resources */ = {isa = PBXBuildFile; fileRef = CEAAAD8120634B4700AD6A44 /* LaunchScreen.storyboard */; };
		CED61C4B2212555500415F56 /* TripModel.swift in Sources */ = {isa = PBXBuildFile; fileRef = CED61C4A2212555500415F56 /* TripModel.swift */; };
		CED61C4D2212556600415F56 /* TripFunctions.swift in Sources */ = {isa = PBXBuildFile; fileRef = CED61C4C2212556600415F56 /* TripFunctions.swift */; };
		CED61C4F2212577B00415F56 /* Data.swift in Sources */ = {isa = PBXBuildFile; fileRef = CED61C4E2212577B00415F56 /* Data.swift */; };
		CED61C5322125CD000415F56 /* TripsVC.swift in Sources */ = {isa = PBXBuildFile; fileRef = CED61C5222125CD000415F56 /* TripsVC.swift */; };
		CED61C5522125CE400415F56 /* TripsVC.storyboard in Resources */ = {isa = PBXBuildFile; fileRef = CED61C5422125CE400415F56 /* TripsVC.storyboard */; };
		CED61C572212640700415F56 /* TripTVCell.swift in Sources */ = {isa = PBXBuildFile; fileRef = CED61C562212640700415F56 /* TripTVCell.swift */; };
		CED61C5A22164F4B00415F56 /* UiViewExtension.swift in Sources */ = {isa = PBXBuildFile; fileRef = CED61C5922164F4B00415F56 /* UiViewExtension.swift */; };
		CED61C5D221650EC00415F56 /* Theme.swift in Sources */ = {isa = PBXBuildFile; fileRef = CED61C5C221650EC00415F56 /* Theme.swift */; };
		CED61C5F2216520000415F56 /* FugazOne-Regular.ttf in Resources */ = {isa = PBXBuildFile; fileRef = CED61C5E2216520000415F56 /* FugazOne-Regular.ttf */; };
		CED61C612216535500415F56 /* Colors.xcassets in Resources */ = {isa = PBXBuildFile; fileRef = CED61C602216535500415F56 /* Colors.xcassets */; };
		CED61C6322165C5700415F56 /* UIButtonExtension.swift in Sources */ = {isa = PBXBuildFile; fileRef = CED61C6222165C5700415F56 /* UIButtonExtension.swift */; };
		CED61C652218FF3200415F56 /* AddTripVC.storyboard in Resources */ = {isa = PBXBuildFile; fileRef = CED61C642218FF3200415F56 /* AddTripVC.storyboard */; };
		CED61C682218FF7D00415F56 /* AddTripVC.swift in Sources */ = {isa = PBXBuildFile; fileRef = CED61C672218FF7D00415F56 /* AddTripVC.swift */; };
/* End PBXBuildFile section */

/* Begin PBXFileReference section */
		CEAAAD7520634B4700AD6A44 /* Itinerary.app */ = {isa = PBXFileReference; explicitFileType = wrapper.application; includeInIndex = 0; path = Itinerary.app; sourceTree = BUILT_PRODUCTS_DIR; };
		CEAAAD7820634B4700AD6A44 /* AppDelegate.swift */ = {isa = PBXFileReference; lastKnownFileType = sourcecode.swift; path = AppDelegate.swift; sourceTree = "<group>"; };
		CEAAAD7F20634B4700AD6A44 /* Assets.xcassets */ = {isa = PBXFileReference; lastKnownFileType = folder.assetcatalog; path = Assets.xcassets; sourceTree = "<group>"; };
		CEAAAD8220634B4700AD6A44 /* Base */ = {isa = PBXFileReference; lastKnownFileType = file.storyboard; name = Base; path = Base.lproj/LaunchScreen.storyboard; sourceTree = "<group>"; };
		CEAAAD8420634B4700AD6A44 /* Info.plist */ = {isa = PBXFileReference; lastKnownFileType = text.plist.xml; path = Info.plist; sourceTree = "<group>"; };
		CED61C4A2212555500415F56 /* TripModel.swift */ = {isa = PBXFileReference; lastKnownFileType = sourcecode.swift; path = TripModel.swift; sourceTree = "<group>"; };
		CED61C4C2212556600415F56 /* TripFunctions.swift */ = {isa = PBXFileReference; lastKnownFileType = sourcecode.swift; path = TripFunctions.swift; sourceTree = "<group>"; };
		CED61C4E2212577B00415F56 /* Data.swift */ = {isa = PBXFileReference; lastKnownFileType = sourcecode.swift; path = Data.swift; sourceTree = "<group>"; };
		CED61C5222125CD000415F56 /* TripsVC.swift */ = {isa = PBXFileReference; lastKnownFileType = sourcecode.swift; path = TripsVC.swift; sourceTree = "<group>"; };
		CED61C5422125CE400415F56 /* TripsVC.storyboard */ = {isa = PBXFileReference; lastKnownFileType = file.storyboard; path = TripsVC.storyboard; sourceTree = "<group>"; };
		CED61C562212640700415F56 /* TripTVCell.swift */ = {isa = PBXFileReference; lastKnownFileType = sourcecode.swift; path = TripTVCell.swift; sourceTree = "<group>"; };
		CED61C5922164F4B00415F56 /* UiViewExtension.swift */ = {isa = PBXFileReference; lastKnownFileType = sourcecode.swift; path = UiViewExtension.swift; sourceTree = "<group>"; };
		CED61C5C221650EC00415F56 /* Theme.swift */ = {isa = PBXFileReference; lastKnownFileType = sourcecode.swift; path = Theme.swift; sourceTree = "<group>"; };
		CED61C5E2216520000415F56 /* FugazOne-Regular.ttf */ = {isa = PBXFileReference; lastKnownFileType = file; path = "FugazOne-Regular.ttf"; sourceTree = "<group>"; };
		CED61C602216535500415F56 /* Colors.xcassets */ = {isa = PBXFileReference; lastKnownFileType = folder.assetcatalog; path = Colors.xcassets; sourceTree = "<group>"; };
		CED61C6222165C5700415F56 /* UIButtonExtension.swift */ = {isa = PBXFileReference; lastKnownFileType = sourcecode.swift; path = UIButtonExtension.swift; sourceTree = "<group>"; };
		CED61C642218FF3200415F56 /* AddTripVC.storyboard */ = {isa = PBXFileReference; fileEncoding = 4; lastKnownFileType = file.storyboard; path = AddTripVC.storyboard; sourceTree = "<group>"; };
		CED61C672218FF7D00415F56 /* AddTripVC.swift */ = {isa = PBXFileReference; lastKnownFileType = sourcecode.swift; path = AddTripVC.swift; sourceTree = "<group>"; };
/* End PBXFileReference section */

/* Begin PBXFrameworksBuildPhase section */
		CEAAAD7220634B4700AD6A44 /* Frameworks */ = {
			isa = PBXFrameworksBuildPhase;
			buildActionMask = 2147483647;
			files = (
			);
			runOnlyForDeploymentPostprocessing = 0;
		};
/* End PBXFrameworksBuildPhase section */

/* Begin PBXGroup section */
		CEAAAD6C20634B4700AD6A44 = {
			isa = PBXGroup;
			children = (
				CEAAAD7720634B4700AD6A44 /* Itinerary */,
				CEAAAD7620634B4700AD6A44 /* Products */,
			);
			sourceTree = "<group>";
		};
		CEAAAD7620634B4700AD6A44 /* Products */ = {
			isa = PBXGroup;
			children = (
				CEAAAD7520634B4700AD6A44 /* Itinerary.app */,
			);
			name = Products;
			sourceTree = "<group>";
		};
		CEAAAD7720634B4700AD6A44 /* Itinerary */ = {
			isa = PBXGroup;
			children = (
				CED61C5B221650E000415F56 /* Resources */,
				CED61C5822164F1F00415F56 /* Extensions */,
				CED61C482212551E00415F56 /* Model */,
				CED61C5022125C7700415F56 /* Views */,
				CEAAAD7820634B4700AD6A44 /* AppDelegate.swift */,
				CEAAAD7F20634B4700AD6A44 /* Assets.xcassets */,
				CEAAAD8120634B4700AD6A44 /* LaunchScreen.storyboard */,
				CEAAAD8420634B4700AD6A44 /* Info.plist */,
			);
			path = Itinerary;
			sourceTree = "<group>";
		};
		CED61C482212551E00415F56 /* Model */ = {
			isa = PBXGroup;
			children = (
				CED61C4E2212577B00415F56 /* Data.swift */,
				CED61C492212552C00415F56 /* Trip */,
			);
			path = Model;
			sourceTree = "<group>";
		};
		CED61C492212552C00415F56 /* Trip */ = {
			isa = PBXGroup;
			children = (
				CED61C4A2212555500415F56 /* TripModel.swift */,
				CED61C4C2212556600415F56 /* TripFunctions.swift */,
			);
			path = Trip;
			sourceTree = "<group>";
		};
		CED61C5022125C7700415F56 /* Views */ = {
			isa = PBXGroup;
			children = (
				CED61C662218FF3D00415F56 /* AddTripViewController */,
				CED61C5122125C8600415F56 /* TripsViewController */,
			);
			path = Views;
			sourceTree = "<group>";
		};
		CED61C5122125C8600415F56 /* TripsViewController */ = {
			isa = PBXGroup;
			children = (
				CED61C5222125CD000415F56 /* TripsVC.swift */,
				CED61C5422125CE400415F56 /* TripsVC.storyboard */,
				CED61C562212640700415F56 /* TripTVCell.swift */,
			);
			path = TripsViewController;
			sourceTree = "<group>";
		};
		CED61C5822164F1F00415F56 /* Extensions */ = {
			isa = PBXGroup;
			children = (
				CED61C5922164F4B00415F56 /* UiViewExtension.swift */,
				CED61C6222165C5700415F56 /* UIButtonExtension.swift */,
			);
			path = Extensions;
			sourceTree = "<group>";
		};
		CED61C5B221650E000415F56 /* Resources */ = {
			isa = PBXGroup;
			children = (
				CED61C5E2216520000415F56 /* FugazOne-Regular.ttf */,
				CED61C5C221650EC00415F56 /* Theme.swift */,
				CED61C602216535500415F56 /* Colors.xcassets */,
			);
			path = Resources;
			sourceTree = "<group>";
		};
		CED61C662218FF3D00415F56 /* AddTripViewController */ = {
			isa = PBXGroup;
			children = (
				CED61C642218FF3200415F56 /* AddTripVC.storyboard */,
				CED61C672218FF7D00415F56 /* AddTripVC.swift */,
			);
			path = AddTripViewController;
			sourceTree = "<group>";
		};
/* End PBXGroup section */

/* Begin PBXNativeTarget section */
		CEAAAD7420634B4700AD6A44 /* Itinerary */ = {
			isa = PBXNativeTarget;
			buildConfigurationList = CEAAAD8720634B4700AD6A44 /* Build configuration list for PBXNativeTarget "Itinerary" */;
			buildPhases = (
				CEAAAD7120634B4700AD6A44 /* Sources */,
				CEAAAD7220634B4700AD6A44 /* Frameworks */,
				CEAAAD7320634B4700AD6A44 /* Resources */,
			);
			buildRules = (
			);
			dependencies = (
			);
			name = Itinerary;
			productName = Itinerary;
			productReference = CEAAAD7520634B4700AD6A44 /* Itinerary.app */;
			productType = "com.apple.product-type.application";
		};
/* End PBXNativeTarget section */

/* Begin PBXProject section */
		CEAAAD6D20634B4700AD6A44 /* Project object */ = {
			isa = PBXProject;
			attributes = {
				LastSwiftUpdateCheck = 0920;
				LastUpgradeCheck = 1010;
				ORGANIZATIONNAME = "Gerardo Mascayano";
				TargetAttributes = {
					CEAAAD7420634B4700AD6A44 = {
						CreatedOnToolsVersion = 9.2;
						LastSwiftMigration = 1010;
						ProvisioningStyle = Automatic;
					};
				};
			};
			buildConfigurationList = CEAAAD7020634B4700AD6A44 /* Build configuration list for PBXProject "Itinerary" */;
			compatibilityVersion = "Xcode 8.0";
			developmentRegion = en;
			hasScannedForEncodings = 0;
			knownRegions = (
				en,
				Base,
			);
			mainGroup = CEAAAD6C20634B4700AD6A44;
			productRefGroup = CEAAAD7620634B4700AD6A44 /* Products */;
			projectDirPath = "";
			projectRoot = "";
			targets = (
				CEAAAD7420634B4700AD6A44 /* Itinerary */,
			);
		};
/* End PBXProject section */

/* Begin PBXResourcesBuildPhase section */
		CEAAAD7320634B4700AD6A44 /* Resources */ = {
			isa = PBXResourcesBuildPhase;
			buildActionMask = 2147483647;
			files = (
				CED61C652218FF3200415F56 /* AddTripVC.storyboard in Resources */,
				CED61C612216535500415F56 /* Colors.xcassets in Resources */,
				CED61C5522125CE400415F56 /* TripsVC.storyboard in Resources */,
				CEAAAD8320634B4700AD6A44 /* LaunchScreen.storyboard in Resources */,
				CED61C5F2216520000415F56 /* FugazOne-Regular.ttf in Resources */,
				CEAAAD8020634B4700AD6A44 /* Assets.xcassets in Resources */,
			);
			runOnlyForDeploymentPostprocessing = 0;
		};
/* End PBXResourcesBuildPhase section */

/* Begin PBXSourcesBuildPhase section */
		CEAAAD7120634B4700AD6A44 /* Sources */ = {
			isa = PBXSourcesBuildPhase;
			buildActionMask = 2147483647;
			files = (
				CED61C572212640700415F56 /* TripTVCell.swift in Sources */,
				CED61C5D221650EC00415F56 /* Theme.swift in Sources */,
				CED61C5A22164F4B00415F56 /* UiViewExtension.swift in Sources */,
				CED61C5322125CD000415F56 /* TripsVC.swift in Sources */,
				CED61C4B2212555500415F56 /* TripModel.swift in Sources */,
				CED61C682218FF7D00415F56 /* AddTripVC.swift in Sources */,
				CED61C6322165C5700415F56 /* UIButtonExtension.swift in Sources */,
				CEAAAD7920634B4700AD6A44 /* AppDelegate.swift in Sources */,
				CED61C4D2212556600415F56 /* TripFunctions.swift in Sources */,
				CED61C4F2212577B00415F56 /* Data.swift in Sources */,
			);
			runOnlyForDeploymentPostprocessing = 0;
		};
/* End PBXSourcesBuildPhase section */

/* Begin PBXVariantGroup section */
		CEAAAD8120634B4700AD6A44 /* LaunchScreen.storyboard */ = {
			isa = PBXVariantGroup;
			children = (
				CEAAAD8220634B4700AD6A44 /* Base */,
			);
			name = LaunchScreen.storyboard;
			sourceTree = "<group>";
		};
/* End PBXVariantGroup section */

/* Begin XCBuildConfiguration section */
		CEAAAD8520634B4700AD6A44 /* Debug */ = {
			isa = XCBuildConfiguration;
			buildSettings = {
				ALWAYS_SEARCH_USER_PATHS = NO;
				CLANG_ANALYZER_NONNULL = YES;
				CLANG_ANALYZER_NUMBER_OBJECT_CONVERSION = YES_AGGRESSIVE;
				CLANG_CXX_LANGUAGE_STANDARD = "gnu++14";
				CLANG_CXX_LIBRARY = "libc++";
				CLANG_ENABLE_MODULES = YES;
				CLANG_ENABLE_OBJC_ARC = YES;
				CLANG_WARN_BLOCK_CAPTURE_AUTORELEASING = YES;
				CLANG_WARN_BOOL_CONVERSION = YES;
				CLANG_WARN_COMMA = YES;
				CLANG_WARN_CONSTANT_CONVERSION = YES;
				CLANG_WARN_DEPRECATED_OBJC_IMPLEMENTATIONS = YES;
				CLANG_WARN_DIRECT_OBJC_ISA_USAGE = YES_ERROR;
				CLANG_WARN_DOCUMENTATION_COMMENTS = YES;
				CLANG_WARN_EMPTY_BODY = YES;
				CLANG_WARN_ENUM_CONVERSION = YES;
				CLANG_WARN_INFINITE_RECURSION = YES;
				CLANG_WARN_INT_CONVERSION = YES;
				CLANG_WARN_NON_LITERAL_NULL_CONVERSION = YES;
				CLANG_WARN_OBJC_IMPLICIT_RETAIN_SELF = YES;
				CLANG_WARN_OBJC_LITERAL_CONVERSION = YES;
				CLANG_WARN_OBJC_ROOT_CLASS = YES_ERROR;
				CLANG_WARN_RANGE_LOOP_ANALYSIS = YES;
				CLANG_WARN_STRICT_PROTOTYPES = YES;
				CLANG_WARN_SUSPICIOUS_MOVE = YES;
				CLANG_WARN_UNGUARDED_AVAILABILITY = YES_AGGRESSIVE;
				CLANG_WARN_UNREACHABLE_CODE = YES;
				CLANG_WARN__DUPLICATE_METHOD_MATCH = YES;
				CODE_SIGN_IDENTITY = "iPhone Developer";
				COPY_PHASE_STRIP = NO;
				DEBUG_INFORMATION_FORMAT = dwarf;
				ENABLE_STRICT_OBJC_MSGSEND = YES;
				ENABLE_TESTABILITY = YES;
				GCC_C_LANGUAGE_STANDARD = gnu11;
				GCC_DYNAMIC_NO_PIC = NO;
				GCC_NO_COMMON_BLOCKS = YES;
				GCC_OPTIMIZATION_LEVEL = 0;
				GCC_PREPROCESSOR_DEFINITIONS = (
					"DEBUG=1",
					"$(inherited)",
				);
				GCC_WARN_64_TO_32_BIT_CONVERSION = YES;
				GCC_WARN_ABOUT_RETURN_TYPE = YES_ERROR;
				GCC_WARN_UNDECLARED_SELECTOR = YES;
				GCC_WARN_UNINITIALIZED_AUTOS = YES_AGGRESSIVE;
				GCC_WARN_UNUSED_FUNCTION = YES;
				GCC_WARN_UNUSED_VARIABLE = YES;
				IPHONEOS_DEPLOYMENT_TARGET = 11.2;
				MTL_ENABLE_DEBUG_INFO = YES;
				ONLY_ACTIVE_ARCH = YES;
				SDKROOT = iphoneos;
				SWIFT_ACTIVE_COMPILATION_CONDITIONS = DEBUG;
				SWIFT_OPTIMIZATION_LEVEL = "-Onone";
			};
			name = Debug;
		};
		CEAAAD8620634B4700AD6A44 /* Release */ = {
			isa = XCBuildConfiguration;
			buildSettings = {
				ALWAYS_SEARCH_USER_PATHS = NO;
				CLANG_ANALYZER_NONNULL = YES;
				CLANG_ANALYZER_NUMBER_OBJECT_CONVERSION = YES_AGGRESSIVE;
				CLANG_CXX_LANGUAGE_STANDARD = "gnu++14";
				CLANG_CXX_LIBRARY = "libc++";
				CLANG_ENABLE_MODULES = YES;
				CLANG_ENABLE_OBJC_ARC = YES;
				CLANG_WARN_BLOCK_CAPTURE_AUTORELEASING = YES;
				CLANG_WARN_BOOL_CONVERSION = YES;
				CLANG_WARN_COMMA = YES;
				CLANG_WARN_CONSTANT_CONVERSION = YES;
				CLANG_WARN_DEPRECATED_OBJC_IMPLEMENTATIONS = YES;
				CLANG_WARN_DIRECT_OBJC_ISA_USAGE = YES_ERROR;
				CLANG_WARN_DOCUMENTATION_COMMENTS = YES;
				CLANG_WARN_EMPTY_BODY = YES;
				CLANG_WARN_ENUM_CONVERSION = YES;
				CLANG_WARN_INFINITE_RECURSION = YES;
				CLANG_WARN_INT_CONVERSION = YES;
				CLANG_WARN_NON_LITERAL_NULL_CONVERSION = YES;
				CLANG_WARN_OBJC_IMPLICIT_RETAIN_SELF = YES;
				CLANG_WARN_OBJC_LITERAL_CONVERSION = YES;
				CLANG_WARN_OBJC_ROOT_CLASS = YES_ERROR;
				CLANG_WARN_RANGE_LOOP_ANALYSIS = YES;
				CLANG_WARN_STRICT_PROTOTYPES = YES;
				CLANG_WARN_SUSPICIOUS_MOVE = YES;
				CLANG_WARN_UNGUARDED_AVAILABILITY = YES_AGGRESSIVE;
				CLANG_WARN_UNREACHABLE_CODE = YES;
				CLANG_WARN__DUPLICATE_METHOD_MATCH = YES;
				CODE_SIGN_IDENTITY = "iPhone Developer";
				COPY_PHASE_STRIP = NO;
				DEBUG_INFORMATION_FORMAT = "dwarf-with-dsym";
				ENABLE_NS_ASSERTIONS = NO;
				ENABLE_STRICT_OBJC_MSGSEND = YES;
				GCC_C_LANGUAGE_STANDARD = gnu11;
				GCC_NO_COMMON_BLOCKS = YES;
				GCC_WARN_64_TO_32_BIT_CONVERSION = YES;
				GCC_WARN_ABOUT_RETURN_TYPE = YES_ERROR;
				GCC_WARN_UNDECLARED_SELECTOR = YES;
				GCC_WARN_UNINITIALIZED_AUTOS = YES_AGGRESSIVE;
				GCC_WARN_UNUSED_FUNCTION = YES;
				GCC_WARN_UNUSED_VARIABLE = YES;
				IPHONEOS_DEPLOYMENT_TARGET = 11.2;
				MTL_ENABLE_DEBUG_INFO = NO;
				SDKROOT = iphoneos;
				SWIFT_OPTIMIZATION_LEVEL = "-Owholemodule";
				VALIDATE_PRODUCT = YES;
			};
			name = Release;
		};
		CEAAAD8820634B4700AD6A44 /* Debug */ = {
			isa = XCBuildConfiguration;
			buildSettings = {
				ASSETCATALOG_COMPILER_APPICON_NAME = AppIcon;
				CODE_SIGN_STYLE = Automatic;
				DEVELOPMENT_TEAM = BC9L8HPM7N;
				INFOPLIST_FILE = Itinerary/Info.plist;
				LD_RUNPATH_SEARCH_PATHS = "$(inherited) @executable_path/Frameworks";
				PRODUCT_BUNDLE_IDENTIFIER = cl.gerardomascayano.Itinerary;
				PRODUCT_NAME = "$(TARGET_NAME)";
				SWIFT_VERSION = 4.2;
				TARGETED_DEVICE_FAMILY = "1,2";
			};
			name = Debug;
		};
		CEAAAD8920634B4700AD6A44 /* Release */ = {
			isa = XCBuildConfiguration;
			buildSettings = {
				ASSETCATALOG_COMPILER_APPICON_NAME = AppIcon;
				CODE_SIGN_STYLE = Automatic;
				DEVELOPMENT_TEAM = BC9L8HPM7N;
				INFOPLIST_FILE = Itinerary/Info.plist;
				LD_RUNPATH_SEARCH_PATHS = "$(inherited) @executable_path/Frameworks";
				PRODUCT_BUNDLE_IDENTIFIER = cl.gerardomascayano.Itinerary;
				PRODUCT_NAME = "$(TARGET_NAME)";
				SWIFT_VERSION = 4.2;
				TARGETED_DEVICE_FAMILY = "1,2";
			};
			name = Release;
		};
/* End XCBuildConfiguration section */

/* Begin XCConfigurationList section */
		CEAAAD7020634B4700AD6A44 /* Build configuration list for PBXProject "Itinerary" */ = {
			isa = XCConfigurationList;
			buildConfigurations = (
				CEAAAD8520634B4700AD6A44 /* Debug */,
				CEAAAD8620634B4700AD6A44 /* Release */,
			);
			defaultConfigurationIsVisible = 0;
			defaultConfigurationName = Release;
		};
		CEAAAD8720634B4700AD6A44 /* Build configuration list for PBXNativeTarget "Itinerary" */ = {
			isa = XCConfigurationList;
			buildConfigurations = (
				CEAAAD8820634B4700AD6A44 /* Debug */,
				CEAAAD8920634B4700AD6A44 /* Release */,
			);
			defaultConfigurationIsVisible = 0;
			defaultConfigurationName = Release;
		};
/* End XCConfigurationList section */
	};
	rootObject = CEAAAD6D20634B4700AD6A44 /* Project object */;
}
